{
  "originHash": "d243d92725f11028538f0d11b5f9aaa21b7443857d99f87c6c1bc9e4ca3ee268",
  "pins": [
    {
      "identity": "appreceiptvalidator",
      "kind": "remoteSourceControl",
      "location": "https://github.com/alin23/AppReceiptValidator",
      "state": {
        "revision": "e35794a03103839e024f71534e263310038c930d",
        "version": "1.2.0"
      }
    },
    {
      "identity": "asn1decoder",
      "kind": "remoteSourceControl",
      "location": "https://github.com/IdeasOnCanvas/ASN1Decoder",
      "state": {
        "revision": "1fa1e9c68c27cbed56e2a997605ae2e808cf4d98",
        "version": "1.8.2"
      }
    },
    {
      "identity": "axswift",
      "kind": "remoteSourceControl",
      "location": "https://github.com/tmandry/AXSwift",
      "state": {
        "branch": "main",
        "revision": "e18a18453d135ad45809a384ee5139e05ea52def"
      }
    },
    {
      "identity": "defaults",
      "kind": "remoteSourceControl",
      "location": "https://github.com/sindresorhus/Defaults",
      "state": {
        "revision": "00a7465a0668a87fa159e779b9d80f1f9652357e",
        "version": "9.0.9"
      }
    },
    {
      "identity": "dynamiccolor",
      "kind": "remoteSourceControl",
      "location": "https://github.com/yannickl/DynamicColor",
      "state": {
        "revision": "d9beca13ca85baa50ee29832d0db5129fba69630",
        "version": "5.0.1"
      }
    },
    {
      "identity": "launchatlogin-modern",
      "kind": "remoteSourceControl",
      "location": "https://github.com/sindresorhus/LaunchAtLogin-Modern",
      "state": {
        "revision": "a04ec1c363be3627734f6dad757d82f5d4fa8fcc",
        "version": "1.1.0"
      }
    },
    {
      "identity": "lowtech",
      "kind": "remoteSourceControl",
      "location": "https://github.com/FuzzyIdeas/Lowtech",
      "state": {
        "branch": "ventura",
        "revision": "953b11edc26d112f5e738043daf5287bba245585"
      }
    },
    {
      "identity": "magnet",
      "kind": "remoteSourceControl",
      "location": "https://github.com/alin23/Magnet",
      "state": {
        "revision": "b39cadbeb201410be333db2373d3be2bd7c27a69",
        "version": "4.1.3"
      }
    },
    {
      "identity": "paddlespm",
      "kind": "remoteSourceControl",
      "location": "https://github.com/alin23/PaddleSPM",
      "state": {
        "revision": "7de514e10acd65e13eec1f5b75b7f18f64dbd775",
        "version": "4.5.1"
      }
    },
    {
      "identity": "sauce",
      "kind": "remoteSourceControl",
      "location": "https://github.com/Clipy/Sauce",
      "state": {
        "revision": "2fcf7e43a242b183fdea3f2275ebec0d773b65f5",
        "version": "2.2.0"
      }
    },
    {
      "identity": "sentry-cocoa",
      "kind": "remoteSourceControl",
      "location": "https://github.com/getsentry/sentry-cocoa",
      "state": {
        "revision": "cd213f98af160e6497eeff0707bc3f6a205b159c",
        "version": "9.26.0"
      }
    },
    {
      "identity": "sparkle",
      "kind": "remoteSourceControl",
      "location": "https://github.com/sparkle-project/Sparkle",
      "state": {
        "revision": "d46d456107feacc80711b21847b82b07bd9fb46e",
        "version": "2.9.3"
      }
    },
    {
      "identity": "swift-atomics",
      "kind": "remoteSourceControl",
      "location": "https://github.com/apple/swift-atomics",
      "state": {
        "revision": "cd142fd2f64be2100422d658e7411e39489da985",
        "version": "1.2.0"
      }
    },
    {
      "identity": "swift-crypto",
      "kind": "remoteSourceControl",
      "location": "https://github.com/apple/swift-crypto",
      "state": {
        "revision": "60f13f60c4d093691934dc6cfdf5f508ada1f894",
        "version": "2.6.0"
      }
    },
    {
      "identity": "swift-syntax",
      "kind": "remoteSourceControl",
      "location": "https://github.com/swiftlang/swift-syntax",
      "state": {
        "revision": "79e4b74a295b6eb74a8b585e3a39d29e70c1dbd1",
        "version": "603.0.2"
      }
    },
    {
      "identity": "swiftdate",
      "kind": "remoteSourceControl",
      "location": "https://github.com/malcommac/SwiftDate",
      "state": {
        "revision": "5d943224c3bb173e6ecf27295611615eba90c80e",
        "version": "7.0.0"
      }
    },
    {
      "identity": "swiftui-system-colors",
      "kind": "remoteSourceControl",
      "location": "https://github.com/diniska/swiftui-system-colors",
      "state": {
        "revision": "5127afab23337699a714e036588f02d9481ae612",
        "version": "1.2.0"
      }
    }
  ],
  "version": 3
}
