{
  "pins" : [
    {
      "identity" : "appreceiptvalidator",
      "kind" : "remoteSourceControl",
      "location" : "https://github.com/alin23/AppReceiptValidator.git",
      "state" : {
        "branch" : "main",
        "revision" : "74e9b64756a90a801c64bf089311bd1993e86faa"
      }
    },
    {
      "identity" : "asn1decoder",
      "kind" : "remoteSourceControl",
      "location" : "https://github.com/IdeasOnCanvas/ASN1Decoder",
      "state" : {
        "revision" : "1fa1e9c68c27cbed56e2a997605ae2e808cf4d98",
        "version" : "1.8.2"
      }
    },
    {
      "identity" : "axswift",
      "kind" : "remoteSourceControl",
      "location" : "https://github.com/tmandry/AXSwift",
      "state" : {
        "branch" : "main",
        "revision" : "e18a18453d135ad45809a384ee5139e05ea52def"
      }
    },
    {
      "identity" : "blueecc",
      "kind" : "remoteSourceControl",
      "location" : "https://github.com/Kitura/BlueECC",
      "state" : {
        "branch" : "master",
        "revision" : "1485268a54f8135435a825a855e733f026fa6cc8"
      }
    },
    {
      "identity" : "defaults",
      "kind" : "remoteSourceControl",
      "location" : "https://github.com/sindresorhus/Defaults",
      "state" : {
        "revision" : "11b6adbfcb784a71bc9076c0e83ecd67952060e8",
        "version" : "7.3.0"
      }
    },
    {
      "identity" : "dynamiccolor",
      "kind" : "remoteSourceControl",
      "location" : "https://github.com/yannickl/DynamicColor",
      "state" : {
        "revision" : "d9beca13ca85baa50ee29832d0db5129fba69630",
        "version" : "5.0.1"
      }
    },
    {
      "identity" : "fsevents",
      "kind" : "remoteSourceControl",
      "location" : "https://github.com/eonil/FSEvents",
      "state" : {
        "revision" : "e6b7cdfa2754454e194a45ee6c2004d0f630fe88",
        "version" : "0.1.7"
      }
    },
    {
      "identity" : "fuzzymatcher",
      "kind" : "remoteSourceControl",
      "location" : "https://github.com/alin23/FuzzyMatcher",
      "state" : {
        "branch" : "main",
        "revision" : "b97b7b900faf2a3881b5536be0f50b5c904c2798"
      }
    },
    {
      "identity" : "launchatlogin",
      "kind" : "remoteSourceControl",
      "location" : "https://github.com/sindresorhus/LaunchAtLogin",
      "state" : {
        "branch" : "main",
        "revision" : "8e28b5e5a9561ace33a26c55d78f74963fbce6f9"
      }
    },
    {
      "identity" : "lowtech",
      "kind" : "remoteSourceControl",
      "location" : "https://github.com/FuzzyIdeas/Lowtech",
      "state" : {
        "branch" : "main",
        "revision" : "9ad90f5bec970098eaee0464a24f9994b5f1f585"
      }
    },
    {
      "identity" : "magnet",
      "kind" : "remoteSourceControl",
      "location" : "https://github.com/alin23/Magnet",
      "state" : {
        "branch" : "dev",
        "revision" : "fda73dc564372e98b5e5e6f5452a19f6b92a0382"
      }
    },
    {
      "identity" : "memoz",
      "kind" : "remoteSourceControl",
      "location" : "https://github.com/marcprux/MemoZ.git",
      "state" : {
        "revision" : "473ee3559b4446fb81c7197fb01293373ddf6b4a",
        "version" : "1.5.2"
      }
    },
    {
      "identity" : "paddlespm",
      "kind" : "remoteSourceControl",
      "location" : "https://github.com/alin23/PaddleSPM",
      "state" : {
        "branch" : "main",
        "revision" : "442ee896d2f75302c4b3ac83413661b7964cc766"
      }
    },
    {
      "identity" : "path.swift",
      "kind" : "remoteSourceControl",
      "location" : "https://github.com/mxcl/Path.swift",
      "state" : {
        "revision" : "9c6f807b0a76be0e27aecc908bc6f173400d839e",
        "version" : "1.4.0"
      }
    },
    {
      "identity" : "regexswiftold",
      "kind" : "remoteSourceControl",
      "location" : "https://github.com/alin23/RegexSwiftOld",
      "state" : {
        "revision" : "7f24e8ff7cbae75c333f6e080a422855d1a7d961",
        "version" : "1.3.0"
      }
    },
    {
      "identity" : "sauce",
      "kind" : "remoteSourceControl",
      "location" : "https://github.com/Clipy/Sauce",
      "state" : {
        "revision" : "2fcf7e43a242b183fdea3f2275ebec0d773b65f5",
        "version" : "2.2.0"
      }
    },
    {
      "identity" : "sparkle",
      "kind" : "remoteSourceControl",
      "location" : "https://github.com/sparkle-project/Sparkle",
      "state" : {
        "revision" : "87e4fcbac39912f9cdb9a9acf205cad60e1ca3bc",
        "version" : "2.4.2"
      }
    },
    {
      "identity" : "swift-atomics",
      "kind" : "remoteSourceControl",
      "location" : "https://github.com/apple/swift-atomics",
      "state" : {
        "revision" : "6c89474e62719ddcc1e9614989fff2f68208fe10",
        "version" : "1.1.0"
      }
    },
    {
      "identity" : "swift-crypto",
      "kind" : "remoteSourceControl",
      "location" : "https://github.com/apple/swift-crypto",
      "state" : {
        "revision" : "ddb07e896a2a8af79512543b1c7eb9797f8898a5",
        "version" : "1.1.7"
      }
    },
    {
      "identity" : "swiftdate",
      "kind" : "remoteSourceControl",
      "location" : "https://github.com/malcommac/SwiftDate",
      "state" : {
        "revision" : "6190d0cefff3013e77ed567e6b074f324e5c5bf5",
        "version" : "6.3.1"
      }
    },
    {
      "identity" : "swiftui-system-colors",
      "kind" : "remoteSourceControl",
      "location" : "https://github.com/diniska/swiftui-system-colors",
      "state" : {
        "revision" : "5127afab23337699a714e036588f02d9481ae612",
        "version" : "1.2.0"
      }
    },
    {
      "identity" : "visualeffects",
      "kind" : "remoteSourceControl",
      "location" : "https://github.com/twostraws/VisualEffects",
      "state" : {
        "revision" : "8ff7f90f9650d9db5774275d0b1f07ef642ecf4d",
        "version" : "1.0.3"
      }
    }
  ],
  "version" : 2
}
